
Microsoft Visual Studio Solution File, Format Version 12.00
# Visual Studio Version 17
VisualStudioVersion = 17.3.32901.215
MinimumVisualStudioVersion = 10.0.40219.1
Project("{FAE04EC0-301F-11D3-BF4B-00C04F79EFBC}") = "Janus", "Janus.csproj", "{B60B16B6-F032-407D-96A9-0AFA1F086A42}"
EndProject
Global
	GlobalSection(SolutionConfigurationPlatforms) = preSolution
		Debug|Any CPU = Debug|Any CPU
		Release|Any CPU = Release|Any CPU
	EndGlobalSection
	GlobalSection(ProjectConfigurationPlatforms) = postSolution
		{B60B16B6-F032-407D-96A9-0AFA1F086A42}.Debug|Any CPU.ActiveCfg = Debug|Any CPU
		{B60B16B6-F032-407D-96A9-0AFA1F086A42}.Debug|Any CPU.Build.0 = Debug|Any CPU
		{B60B16B6-F032-407D-96A9-0AFA1F086A42}.Release|Any CPU.ActiveCfg = Release|Any CPU
		{B60B16B6-F032-407D-96A9-0AFA1F086A42}.Release|Any CPU.Build.0 = Release|Any CPU
	EndGlobalSection
	GlobalSection(SolutionProperties) = preSolution
		HideSolutionNode = FALSE
	EndGlobalSection
	GlobalSection(ExtensibilityGlobals) = postSolution
		SolutionGuid = {D5B7AE31-0785-475E-9E1B-A0C29F844CA9}
	EndGlobalSection
EndGlobal
